
Microsoft Visual Studio Solution File, Format Version 11.00
# Visual Studio 2010
Project("{FAE04EC0-301F-11D3-BF4B-00C04F79EFBC}") = "Discogs.Core", "Discogs.Core\Discogs.Core.csproj", "{FD286E1C-4C8E-4B43-9764-63917B2E110B}"
EndProject
Global
	GlobalSection(SolutionConfigurationPlatforms) = preSolution
		Debug|Any CPU = Debug|Any CPU
		Release|Any CPU = Release|Any CPU
	EndGlobalSection
	GlobalSection(ProjectConfigurationPlatforms) = postSolution
		{FD286E1C-4C8E-4B43-9764-63917B2E110B}.Debug|Any CPU.ActiveCfg = Debug|Any CPU
		{FD286E1C-4C8E-4B43-9764-63917B2E110B}.Debug|Any CPU.Build.0 = Debug|Any CPU
		{FD286E1C-4C8E-4B43-9764-63917B2E110B}.Release|Any CPU.ActiveCfg = Release|Any CPU
		{FD286E1C-4C8E-4B43-9764-63917B2E110B}.Release|Any CPU.Build.0 = Release|Any CPU
	EndGlobalSection
	GlobalSection(SolutionProperties) = preSolution
		HideSolutionNode = FALSE
	EndGlobalSection
EndGlobal
